<?xml version="1.0" encoding="utf-8"?>
<Project ToolsVersion="4.0" xmlns="http://schemas.microsoft.com/developer/msbuild/2003">
  <ItemGroup>
    <ClCompile Include="Renderer.cpp" />
    <ClCompile Include="dxerr\dxerr.cpp">
      <Filter>dxerr</Filter>
    </ClCompile>
    <ClCompile Include="DXGIInfoManager.cpp" />
    <ClCompile Include="Bindable\IndexBuffer.cpp">
      <Filter>Bindable</Filter>
    </ClCompile>
    <ClCompile Include="Bindable\InputLayout.cpp">
      <Filter>Bindable</Filter>
    </ClCompile>
    <ClCompile Include="Bindable\PixelShader.cpp">
      <Filter>Bindable</Filter>
    </ClCompile>
    <ClCompile Include="Bindable\Sampler.cpp">
      <Filter>Bindable</Filter>
    </ClCompile>
    <ClCompile Include="Bindable\Texture.cpp">
      <Filter>Bindable</Filter>
    </ClCompile>
    <ClCompile Include="Bindable\Topology.cpp">
      <Filter>Bindable</Filter>
    </ClCompile>
    <ClCompile Include="Bindable\VertexBuffer.cpp">
      <Filter>Bindable</Filter>
    </ClCompile>
    <ClCompile Include="Bindable\VertexShader.cpp">
      <Filter>Bindable</Filter>
    </ClCompile>
    <ClCompile Include="Bindable\IBindable.cpp">
      <Filter>Bindable</Filter>
    </ClCompile>
    <ClCompile Include="Renderable\IRenderable.cpp">
      <Filter>Renderable</Filter>
    </ClCompile>
    <ClCompile Include="RenderCallbacks\IRenderCallback.cpp">
      <Filter>RenderCallbacks</Filter>
    </ClCompile>
    <ClCompile Include="Image.cpp" />
  </ItemGroup>
  <ItemGroup>
    <ClInclude Include="Renderer.h" />
    <ClInclude Include="dxerr\dxerr.h">
      <Filter>dxerr</Filter>
    </ClInclude>
    <ClInclude Include="DXGIInfoManager.h" />
    <ClInclude Include="GraphicsAssertMacros.h" />
    <ClInclude Include="Bindable\BindableBase.h">
      <Filter>Bindable</Filter>
    </ClInclude>
    <ClInclude Include="Bindable\ConstantBuffer.h">
      <Filter>Bindable</Filter>
    </ClInclude>
    <ClInclude Include="Bindable\IndexBuffer.h">
      <Filter>Bindable</Filter>
    </ClInclude>
    <ClInclude Include="Bindable\InputLayout.h">
      <Filter>Bindable</Filter>
    </ClInclude>
    <ClInclude Include="Bindable\PixelShader.h">
      <Filter>Bindable</Filter>
    </ClInclude>
    <ClInclude Include="Bindable\Sampler.h">
      <Filter>Bindable</Filter>
    </ClInclude>
    <ClInclude Include="Bindable\Texture.h">
      <Filter>Bindable</Filter>
    </ClInclude>
    <ClInclude Include="Bindable\Topology.h">
      <Filter>Bindable</Filter>
    </ClInclude>
    <ClInclude Include="Bindable\VertexBuffer.h">
      <Filter>Bindable</Filter>
    </ClInclude>
    <ClInclude Include="Bindable\VertexShader.h">
      <Filter>Bindable</Filter>
    </ClInclude>
    <ClInclude Include="Bindable\IBindable.h">
      <Filter>Bindable</Filter>
    </ClInclude>
    <ClInclude Include="Renderable\EssentialRenderData.h">
      <Filter>Renderable</Filter>
    </ClInclude>
    <ClInclude Include="Renderable\IRenderable.h">
      <Filter>Renderable</Filter>
    </ClInclude>
    <ClInclude Include="RenderCallbacks\IRenderCallback.h">
      <Filter>RenderCallbacks</Filter>
    </ClInclude>
    <ClInclude Include="Image.h" />
  </ItemGroup>
  <ItemGroup>
    <None Include="dxerr\DXTrace.inl">
      <Filter>dxerr</Filter>
    </None>
    <None Include="dxerr\DXGetErrorDescription.inl">
      <Filter>dxerr</Filter>
    </None>
    <None Include="dxerr\DXGetErrorString.inl">
      <Filter>dxerr</Filter>
    </None>
  </ItemGroup>
  <ItemGroup>
    <Filter Include="dxerr">
      <UniqueIdentifier>{344bbbe2-dab1-4bf6-8784-997b75ddbb69}</UniqueIdentifier>
    </Filter>
    <Filter Include="Bindable">
      <UniqueIdentifier>{b6d24360-f513-459f-a34d-11cba7828d19}</UniqueIdentifier>
    </Filter>
    <Filter Include="Renderable">
      <UniqueIdentifier>{da02dc0c-1a79-433b-afeb-2236efad1f49}</UniqueIdentifier>
    </Filter>
    <Filter Include="RenderCallbacks">
      <UniqueIdentifier>{eba2046c-4cd8-4c18-97e9-e920eadb2fd6}</UniqueIdentifier>
    </Filter>
  </ItemGroup>
</Project>