<?xml version="1.0" encoding="utf-8"?>
<Project ToolsVersion="4.0" xmlns="http://schemas.microsoft.com/developer/msbuild/2003">
  <ItemGroup>
    <Filter Include="Geometry">
      <UniqueIdentifier>{530a767b-b368-408b-9289-ae8f281692be}</UniqueIdentifier>
    </Filter>
    <Filter Include="Shaders">
      <UniqueIdentifier>{0e9756c2-7178-4bd3-b656-d385470542d3}</UniqueIdentifier>
    </Filter>
  </ItemGroup>
  <ItemGroup>
    <ClCompile Include="Geometry\CCube.cpp">
      <Filter>Geometry</Filter>
    </ClCompile>
    <ClCompile Include="WinMain.cpp" />
    <ClCompile Include="CApplication.cpp" />
    <ClCompile Include="CBox.cpp" />
    <ClCompile Include="CCamera.cpp" />
    <ClCompile Include="CModel.cpp" />
    <ClCompile Include="CModelLoader.cpp" />
    <ClCompile Include="CWindow.cpp" />
  </ItemGroup>
  <ItemGroup>
    <ClInclude Include="Geometry\CCone.h">
      <Filter>Geometry</Filter>
    </ClInclude>
    <ClInclude Include="Geometry\CCube.h">
      <Filter>Geometry</Filter>
    </ClInclude>
    <ClInclude Include="Geometry\CIndexedTriangleList.h">
      <Filter>Geometry</Filter>
    </ClInclude>
    <ClInclude Include="Geometry\CPlane.h">
      <Filter>Geometry</Filter>
    </ClInclude>
    <ClInclude Include="Geometry\CPrism.h">
      <Filter>Geometry</Filter>
    </ClInclude>
    <ClInclude Include="Geometry\CSphere.h">
      <Filter>Geometry</Filter>
    </ClInclude>
    <ClInclude Include="CWindow.h" />
    <ClInclude Include="CModelLoader.h" />
    <ClInclude Include="CCamera.h" />
    <ClInclude Include="CModel.h" />
    <ClInclude Include="CBox.h" />
    <ClInclude Include="CApplication.h" />
  </ItemGroup>
  <ItemGroup>
    <FxCompile Include="Shaders\TexturedPixelShader.hlsl">
      <Filter>Shaders</Filter>
    </FxCompile>
    <FxCompile Include="Shaders\TexturedVertexShader.hlsl">
      <Filter>Shaders</Filter>
    </FxCompile>
    <FxCompile Include="Shaders\PrimitivePixelShader.hlsl">
      <Filter>Shaders</Filter>
    </FxCompile>
    <FxCompile Include="Shaders\PrimitiveVertexShader.hlsl">
      <Filter>Shaders</Filter>
    </FxCompile>
    <FxCompile Include="Shaders\BasePixelShader.hlsl">
      <Filter>Shaders</Filter>
    </FxCompile>
    <FxCompile Include="Shaders\BaseVertexShader.hlsl">
      <Filter>Shaders</Filter>
    </FxCompile>
  </ItemGroup>
</Project>