<?xml version="1.0" encoding="utf-8"?>
<Project ToolsVersion="4.0" xmlns="http://schemas.microsoft.com/developer/msbuild/2003">
  <ItemGroup>
    <Filter Include="Source Files">
      <UniqueIdentifier>{4FC737F1-C7A5-4376-A066-2A32D752A2FF}</UniqueIdentifier>
      <Extensions>cpp;c;cc;cxx;c++;def;odl;idl;hpj;bat;asm;asmx</Extensions>
    </Filter>
    <Filter Include="Header Files">
      <UniqueIdentifier>{93995380-89BD-4b04-88EB-625FBE52EBFB}</UniqueIdentifier>
      <Extensions>h;hh;hpp;hxx;h++;hm;inl;inc;ipp;xsd</Extensions>
    </Filter>
    <Filter Include="Geometry">
      <UniqueIdentifier>{530a767b-b368-408b-9289-ae8f281692be}</UniqueIdentifier>
    </Filter>
    <Filter Include="Shaders">
      <UniqueIdentifier>{0e9756c2-7178-4bd3-b656-d385470542d3}</UniqueIdentifier>
    </Filter>
  </ItemGroup>
  <ItemGroup>
    <ClCompile Include="WinMain.cpp">
      <Filter>Source Files</Filter>
    </ClCompile>
    <ClCompile Include="CApplication.cpp">
      <Filter>Source Files</Filter>
    </ClCompile>
    <ClCompile Include="CWindow.cpp">
      <Filter>Source Files</Filter>
    </ClCompile>
    <ClCompile Include="CCamera.cpp">
      <Filter>Source Files</Filter>
    </ClCompile>
    <ClCompile Include="CModelLoader.cpp">
      <Filter>Source Files</Filter>
    </ClCompile>
    <ClCompile Include="Geometry\CCube.cpp">
      <Filter>Geometry</Filter>
    </ClCompile>
    <ClCompile Include="CBox.cpp">
      <Filter>Source Files</Filter>
    </ClCompile>
    <ClCompile Include="CModel.cpp">
      <Filter>Source Files</Filter>
    </ClCompile>
  </ItemGroup>
  <ItemGroup>
    <ClInclude Include="CApplication.h">
      <Filter>Header Files</Filter>
    </ClInclude>
    <ClInclude Include="CWindow.h">
      <Filter>Header Files</Filter>
    </ClInclude>
    <ClInclude Include="Geometry\CCone.h">
      <Filter>Geometry</Filter>
    </ClInclude>
    <ClInclude Include="Geometry\CCube.h">
      <Filter>Geometry</Filter>
    </ClInclude>
    <ClInclude Include="Geometry\CIndexedTriangleList.h">
      <Filter>Geometry</Filter>
    </ClInclude>
    <ClInclude Include="Geometry\CPlane.h">
      <Filter>Geometry</Filter>
    </ClInclude>
    <ClInclude Include="Geometry\CPrism.h">
      <Filter>Geometry</Filter>
    </ClInclude>
    <ClInclude Include="Geometry\CSphere.h">
      <Filter>Geometry</Filter>
    </ClInclude>
    <ClInclude Include="CCamera.h">
      <Filter>Header Files</Filter>
    </ClInclude>
    <ClInclude Include="CModelLoader.h">
      <Filter>Header Files</Filter>
    </ClInclude>
    <ClInclude Include="CBox.h">
      <Filter>Header Files</Filter>
    </ClInclude>
    <ClInclude Include="CModel.h">
      <Filter>Header Files</Filter>
    </ClInclude>
  </ItemGroup>
  <ItemGroup>
    <FxCompile Include="Shaders\TexturedPixelShader.hlsl">
      <Filter>Shaders</Filter>
    </FxCompile>
    <FxCompile Include="Shaders\TexturedVertexShader.hlsl">
      <Filter>Shaders</Filter>
    </FxCompile>
    <FxCompile Include="Shaders\PrimitivePixelShader.hlsl">
      <Filter>Shaders</Filter>
    </FxCompile>
    <FxCompile Include="Shaders\PrimitiveVertexShader.hlsl">
      <Filter>Shaders</Filter>
    </FxCompile>
    <FxCompile Include="Shaders\BasePixelShader.hlsl">
      <Filter>Shaders</Filter>
    </FxCompile>
    <FxCompile Include="Shaders\BaseVertexShader.hlsl">
      <Filter>Shaders</Filter>
    </FxCompile>
  </ItemGroup>
</Project>