<?xml version="1.0" encoding="utf-8"?>
<Project ToolsVersion="4.0" xmlns="http://schemas.microsoft.com/developer/msbuild/2003">
  <ItemGroup>
    <Filter Include="Source Files">
      <UniqueIdentifier>{4FC737F1-C7A5-4376-A066-2A32D752A2FF}</UniqueIdentifier>
      <Extensions>cpp;c;cc;cxx;c++;def;odl;idl;hpj;bat;asm;asmx</Extensions>
    </Filter>
    <Filter Include="Header Files">
      <UniqueIdentifier>{93995380-89BD-4b04-88EB-625FBE52EBFB}</UniqueIdentifier>
      <Extensions>h;hh;hpp;hxx;h++;hm;inl;inc;ipp;xsd</Extensions>
    </Filter>
    <Filter Include="Resource Files">
      <UniqueIdentifier>{67DA6AB6-F800-4c08-8B7A-83BB121AAD01}</UniqueIdentifier>
      <Extensions>rc;ico;cur;bmp;dlg;rc2;rct;bin;rgs;gif;jpg;jpeg;jpe;resx;tiff;tif;png;wav;mfcribbon-ms</Extensions>
    </Filter>
    <Filter Include="Bindable">
      <UniqueIdentifier>{138c108b-2df4-40f9-8f87-debead5d50d4}</UniqueIdentifier>
    </Filter>
    <Filter Include="Geometry">
      <UniqueIdentifier>{530a767b-b368-408b-9289-ae8f281692be}</UniqueIdentifier>
    </Filter>
    <Filter Include="Shaders">
      <UniqueIdentifier>{0e9756c2-7178-4bd3-b656-d385470542d3}</UniqueIdentifier>
    </Filter>
    <Filter Include="Maths">
      <UniqueIdentifier>{42004ff6-ae33-4218-beb1-fbb32700e87f}</UniqueIdentifier>
    </Filter>
    <Filter Include="Renderable">
      <UniqueIdentifier>{91754949-e2be-4aaf-810c-4a43408c0f4d}</UniqueIdentifier>
    </Filter>
    <Filter Include="RenderCallbacks">
      <UniqueIdentifier>{a7ad8cd6-6125-402d-960b-9ed37f44b894}</UniqueIdentifier>
    </Filter>
    <Filter Include="Core">
      <UniqueIdentifier>{ee3e81bc-846a-45c6-b435-4face0289a8f}</UniqueIdentifier>
    </Filter>
  </ItemGroup>
  <ItemGroup>
    <ClCompile Include="WinMain.cpp">
      <Filter>Source Files</Filter>
    </ClCompile>
    <ClCompile Include="CApplication.cpp">
      <Filter>Source Files</Filter>
    </ClCompile>
    <ClCompile Include="CWindow.cpp">
      <Filter>Source Files</Filter>
    </ClCompile>
    <ClCompile Include="CKeyboard.cpp">
      <Filter>Source Files</Filter>
    </ClCompile>
    <ClCompile Include="CMouse.cpp">
      <Filter>Source Files</Filter>
    </ClCompile>
    <ClCompile Include="CTimer.cpp">
      <Filter>Source Files</Filter>
    </ClCompile>
    <ClCompile Include="CGraphics.cpp">
      <Filter>Source Files</Filter>
    </ClCompile>
    <ClCompile Include="CDXGIInfoManager.cpp">
      <Filter>Source Files</Filter>
    </ClCompile>
    <ClCompile Include="dxerr\dxerr.cpp">
      <Filter>Source Files</Filter>
    </ClCompile>
    <ClCompile Include="Bindable\CIndexBuffer.cpp">
      <Filter>Bindable</Filter>
    </ClCompile>
    <ClCompile Include="Bindable\CInputLayout.cpp">
      <Filter>Bindable</Filter>
    </ClCompile>
    <ClCompile Include="Bindable\CPixelShader.cpp">
      <Filter>Bindable</Filter>
    </ClCompile>
    <ClCompile Include="Bindable\CSampler.cpp">
      <Filter>Bindable</Filter>
    </ClCompile>
    <ClCompile Include="Bindable\CTexture.cpp">
      <Filter>Bindable</Filter>
    </ClCompile>
    <ClCompile Include="Bindable\CTopology.cpp">
      <Filter>Bindable</Filter>
    </ClCompile>
    <ClCompile Include="Bindable\CVertexBuffer.cpp">
      <Filter>Bindable</Filter>
    </ClCompile>
    <ClCompile Include="Bindable\CVertexShader.cpp">
      <Filter>Bindable</Filter>
    </ClCompile>
    <ClCompile Include="Bindable\IBindable.cpp">
      <Filter>Bindable</Filter>
    </ClCompile>
    <ClCompile Include="CImage.cpp">
      <Filter>Source Files</Filter>
    </ClCompile>
    <ClCompile Include="CCamera.cpp">
      <Filter>Source Files</Filter>
    </ClCompile>
    <ClCompile Include="CModelLoader.cpp">
      <Filter>Source Files</Filter>
    </ClCompile>
    <ClCompile Include="Renderable\CBox.cpp">
      <Filter>Renderable</Filter>
    </ClCompile>
    <ClCompile Include="Renderable\CModel.cpp">
      <Filter>Renderable</Filter>
    </ClCompile>
    <ClCompile Include="Renderable\IRenderable.cpp">
      <Filter>Renderable</Filter>
    </ClCompile>
    <ClCompile Include="RenderCallbacks\IRenderCallback.cpp">
      <Filter>RenderCallbacks</Filter>
    </ClCompile>
    <ClCompile Include="Maths\Vectors.cpp">
      <Filter>Maths</Filter>
    </ClCompile>
    <ClCompile Include="Geometry\CCube.cpp">
      <Filter>Geometry</Filter>
    </ClCompile>
    <ClCompile Include="Maths\Matrix.cpp">
      <Filter>Maths</Filter>
    </ClCompile>
  </ItemGroup>
  <ItemGroup>
    <ClInclude Include="CApplication.h">
      <Filter>Header Files</Filter>
    </ClInclude>
    <ClInclude Include="CWindow.h">
      <Filter>Header Files</Filter>
    </ClInclude>
    <ClInclude Include="CKeyboard.h">
      <Filter>Header Files</Filter>
    </ClInclude>
    <ClInclude Include="CMouse.h">
      <Filter>Header Files</Filter>
    </ClInclude>
    <ClInclude Include="CTimer.h">
      <Filter>Header Files</Filter>
    </ClInclude>
    <ClInclude Include="CGraphics.h">
      <Filter>Header Files</Filter>
    </ClInclude>
    <ClInclude Include="CDXGIInfoManager.h">
      <Filter>Header Files</Filter>
    </ClInclude>
    <ClInclude Include="dxerr\dxerr.h">
      <Filter>Header Files</Filter>
    </ClInclude>
    <ClInclude Include="Bindable\BindableBase.h">
      <Filter>Bindable</Filter>
    </ClInclude>
    <ClInclude Include="Bindable\CConstantBuffer.h">
      <Filter>Bindable</Filter>
    </ClInclude>
    <ClInclude Include="Bindable\CIndexBuffer.h">
      <Filter>Bindable</Filter>
    </ClInclude>
    <ClInclude Include="Bindable\CInputLayout.h">
      <Filter>Bindable</Filter>
    </ClInclude>
    <ClInclude Include="Bindable\CPixelShader.h">
      <Filter>Bindable</Filter>
    </ClInclude>
    <ClInclude Include="Bindable\CSampler.h">
      <Filter>Bindable</Filter>
    </ClInclude>
    <ClInclude Include="Bindable\CTexture.h">
      <Filter>Bindable</Filter>
    </ClInclude>
    <ClInclude Include="Bindable\CTopology.h">
      <Filter>Bindable</Filter>
    </ClInclude>
    <ClInclude Include="Bindable\CVertexBuffer.h">
      <Filter>Bindable</Filter>
    </ClInclude>
    <ClInclude Include="Bindable\CVertexShader.h">
      <Filter>Bindable</Filter>
    </ClInclude>
    <ClInclude Include="Bindable\IBindable.h">
      <Filter>Bindable</Filter>
    </ClInclude>
    <ClInclude Include="CImage.h">
      <Filter>Header Files</Filter>
    </ClInclude>
    <ClInclude Include="Geometry\CCone.h">
      <Filter>Geometry</Filter>
    </ClInclude>
    <ClInclude Include="Geometry\CCube.h">
      <Filter>Geometry</Filter>
    </ClInclude>
    <ClInclude Include="Geometry\CIndexedTriangleList.h">
      <Filter>Geometry</Filter>
    </ClInclude>
    <ClInclude Include="Geometry\CPlane.h">
      <Filter>Geometry</Filter>
    </ClInclude>
    <ClInclude Include="Geometry\CPrism.h">
      <Filter>Geometry</Filter>
    </ClInclude>
    <ClInclude Include="Geometry\CSphere.h">
      <Filter>Geometry</Filter>
    </ClInclude>
    <ClInclude Include="Geometry\GeometricMath.h">
      <Filter>Geometry</Filter>
    </ClInclude>
    <ClInclude Include="CCamera.h">
      <Filter>Header Files</Filter>
    </ClInclude>
    <ClInclude Include="GraphicsAssertMacros.h">
      <Filter>Header Files</Filter>
    </ClInclude>
    <ClInclude Include="WindowsAssertMacros.h">
      <Filter>Header Files</Filter>
    </ClInclude>
    <ClInclude Include="CModelLoader.h">
      <Filter>Header Files</Filter>
    </ClInclude>
    <ClInclude Include="Maths\Vectors.h">
      <Filter>Maths</Filter>
    </ClInclude>
    <ClInclude Include="Renderable\CBox.h">
      <Filter>Renderable</Filter>
    </ClInclude>
    <ClInclude Include="Renderable\CModel.h">
      <Filter>Renderable</Filter>
    </ClInclude>
    <ClInclude Include="Renderable\IRenderable.h">
      <Filter>Renderable</Filter>
    </ClInclude>
    <ClInclude Include="RenderCallbacks\IRenderCallback.h">
      <Filter>RenderCallbacks</Filter>
    </ClInclude>
    <ClInclude Include="Renderable\EssentialRenderData.h">
      <Filter>Renderable</Filter>
    </ClInclude>
    <ClInclude Include="Core\Core.h">
      <Filter>Core</Filter>
    </ClInclude>
    <ClInclude Include="Maths\Matrix.h">
      <Filter>Maths</Filter>
    </ClInclude>
    <ClInclude Include="Maths\CommonMath.h">
      <Filter>Maths</Filter>
    </ClInclude>
  </ItemGroup>
  <ItemGroup>
    <FxCompile Include="Shaders\TexturedPixelShader.hlsl">
      <Filter>Shaders</Filter>
    </FxCompile>
    <FxCompile Include="Shaders\TexturedVertexShader.hlsl">
      <Filter>Shaders</Filter>
    </FxCompile>
    <FxCompile Include="Shaders\PrimitivePixelShader.hlsl">
      <Filter>Shaders</Filter>
    </FxCompile>
    <FxCompile Include="Shaders\PrimitiveVertexShader.hlsl">
      <Filter>Shaders</Filter>
    </FxCompile>
    <FxCompile Include="Shaders\BasePixelShader.hlsl">
      <Filter>Shaders</Filter>
    </FxCompile>
    <FxCompile Include="Shaders\BaseVertexShader.hlsl">
      <Filter>Shaders</Filter>
    </FxCompile>
  </ItemGroup>
</Project>